<?xml version="1.0" encoding="utf-8"?>
<Project ToolsVersion="17.0" xmlns="http://schemas.microsoft.com/developer/msbuild/2003">
  <ItemGroup>
    <CustomBuild Include="C:\Users\hp\Desktop\appgithub\files\CMakeFiles\4ba657b3259fb991fb1cf53a70d7f3c3\generate.stamp.rule">
      <Filter>CMake Rules</Filter>
    </CustomBuild>
  </ItemGroup>
  <ItemGroup>
    <Filter Include="CMake Rules">
      <UniqueIdentifier>{DC5FBF50-CF88-30E2-B71B-5A4ED48F26EB}</UniqueIdentifier>
    </Filter>
  </ItemGroup>
</Project>
